{
  "name": "zh-convert",
  "version": "1.0.0",
  "lockfileVersion": 3,
  "requires": true,
  "packages": {
    "": {
      "name": "zh-convert",
      "version": "1.0.0",
      "license": "ISC",
      "dependencies": {
        "fast-geoip": "^1.1.88",
        "opencc-js": "^1.0.5"
      },
      "devDependencies": {}
    },
    "node_modules/fast-geoip": {
      "version": "1.1.88",
      "resolved": "https://registry.npmjs.org/fast-geoip/-/fast-geoip-1.1.88.tgz",
      "integrity": "sha512-rGBGyHTKwNtdXmlgX1IDaf0gskqzQRXR4EWFCuD6V4YSrAzhVZCS53kvKFECQkEylXd0I8rEPV7x4xhhRA4ymw==",
      "license": "MIT"
    },
    "node_modules/opencc-js": {
      "version": "1.0.5",
      "resolved": "https://registry.npmjs.org/opencc-js/-/opencc-js-1.0.5.tgz",
      "integrity": "sha512-LD+1SoNnZdlRwtYTjnQdFrSVCAaYpuDqL5CkmOaHOkKoKh7mFxUicLTRVNLU5C+Jmi1vXQ3QL4jWdgSaa4sKjg==",
      "license": "MIT"
    }
  }
}
